
Microsoft Visual Studio Solution File, Format Version 12.00
# Visual Studio Version 17
VisualStudioVersion = 17.3.32922.545
MinimumVisualStudioVersion = 10.0.40219.1
Project("{FAE04EC0-301F-11D3-BF4B-00C04F79EFBC}") = "NZWalks.API", "NZWalks.API\NZWalks.API.csproj", "{1502D7D2-D4F3-4EAD-90EE-A26A3D5E52FF}"
EndProject
Global
	GlobalSection(SolutionConfigurationPlatforms) = preSolution
		Debug|Any CPU = Debug|Any CPU
		Release|Any CPU = Release|Any CPU
	EndGlobalSection
	GlobalSection(ProjectConfigurationPlatforms) = postSolution
		{1502D7D2-D4F3-4EAD-90EE-A26A3D5E52FF}.Debug|Any CPU.ActiveCfg = Debug|Any CPU
		{1502D7D2-D4F3-4EAD-90EE-A26A3D5E52FF}.Debug|Any CPU.Build.0 = Debug|Any CPU
		{1502D7D2-D4F3-4EAD-90EE-A26A3D5E52FF}.Release|Any CPU.ActiveCfg = Release|Any CPU
		{1502D7D2-D4F3-4EAD-90EE-A26A3D5E52FF}.Release|Any CPU.Build.0 = Release|Any CPU
	EndGlobalSection
	GlobalSection(SolutionProperties) = preSolution
		HideSolutionNode = FALSE
	EndGlobalSection
	GlobalSection(ExtensibilityGlobals) = postSolution
		SolutionGuid = {1108C089-94C6-4690-8FD8-0AD877857560}
	EndGlobalSection
EndGlobal
